
Microsoft Visual Studio Solution File, Format Version 12.00
# Visual Studio 15
VisualStudioVersion = 15.0.28307.271
MinimumVisualStudioVersion = 10.0.40219.1
Project("{F184B08F-C81C-45F6-A57F-5ABD9991F28F}") = "lunettes", "lunettes.vbproj", "{B5D5F946-26ED-4242-A806-3299010E6C86}"
EndProject
Global
	GlobalSection(SolutionConfigurationPlatforms) = preSolution
		Debug|Any CPU = Debug|Any CPU
		Release|Any CPU = Release|Any CPU
	EndGlobalSection
	GlobalSection(ProjectConfigurationPlatforms) = postSolution
		{B5D5F946-26ED-4242-A806-3299010E6C86}.Debug|Any CPU.ActiveCfg = Debug|Any CPU
		{B5D5F946-26ED-4242-A806-3299010E6C86}.Debug|Any CPU.Build.0 = Debug|Any CPU
		{B5D5F946-26ED-4242-A806-3299010E6C86}.Release|Any CPU.ActiveCfg = Release|Any CPU
		{B5D5F946-26ED-4242-A806-3299010E6C86}.Release|Any CPU.Build.0 = Release|Any CPU
	EndGlobalSection
	GlobalSection(SolutionProperties) = preSolution
		HideSolutionNode = FALSE
	EndGlobalSection
	GlobalSection(ExtensibilityGlobals) = postSolution
		SolutionGuid = {FBADD681-C711-4E19-839B-8980D43E5F6E}
	EndGlobalSection
EndGlobal
